# This file is autogenerated, do not edit; changes may be undone by the next 'dep ensure'.


[[projects]]
  name = "github.com/SermoDigital/jose"
  packages = [
    ".",
    "crypto",
    "jws",
    "jwt"
  ]
  revision = "f6df55f235c24f236d11dbcf665249a59ac2021f"
  version = "1.1"

[[projects]]
  branch = "master"
  name = "github.com/akaumov/cube"
  packages = ["."]
  revision = "d43007b9abca2fef7075644f54a9b624d8d7d5a6"

[[projects]]
  branch = "master"
  name = "github.com/akaumov/cube-executor"
  packages = ["."]
  revision = "25786a6b1f4ab5cecb9283edcbe9def938857ce2"

[[projects]]
  branch = "master"
  name = "github.com/akaumov/nats-pool"
  packages = ["."]
  revision = "c7bed8c335be3988fe7978c69e6985b8bc5effac"

[[projects]]
  name = "github.com/nats-io/go-nats"
  packages = [
    ".",
    "encoders/builtin",
    "util"
  ]
  revision = "062418ea1c2181f52dc0f954f6204370519a868b"
  version = "v1.5.0"

[[projects]]
  name = "github.com/nats-io/nuid"
  packages = ["."]
  revision = "289cccf02c178dc782430d534e3c1f5b72af807f"
  version = "v1.0.0"

[[projects]]
  name = "github.com/satori/go.uuid"
  packages = ["."]
  revision = "f58768cc1a7a7e77a3bd49e98cdd21419399b6a3"
  version = "v1.2.0"

[[projects]]
  name = "github.com/urfave/cli"
  packages = ["."]
  revision = "cfb38830724cc34fedffe9a2a29fb54fa9169cd1"
  version = "v1.20.0"

[solve-meta]
  analyzer-name = "dep"
  analyzer-version = 1
  inputs-digest = "efee13422e93743b89fd06522c0c796c816c8d9e9ab7b3eae05b1b92b5870d20"
  solver-name = "gps-cdcl"
  solver-version = 1
