# This file is autogenerated, do not edit; changes may be undone by the next 'dep ensure'.


[[projects]]
  name = "github.com/SermoDigital/jose"
  packages = [".","crypto","jws","jwt"]
  revision = "f6df55f235c24f236d11dbcf665249a59ac2021f"
  version = "1.1"

[[projects]]
  branch = "master"
  name = "github.com/akaumov/cube"
  packages = ["."]
  revision = "767891c8ed34e866881a134c777d982685ae37e0"

[solve-meta]
  analyzer-name = "dep"
  analyzer-version = 1
  inputs-digest = "e68ebae2db2f572891281bc49a461fed23f6ddf1de65fc00a51d45de0378eb13"
  solver-name = "gps-cdcl"
  solver-version = 1
