# This file is autogenerated, do not edit; changes may be undone by the next 'dep ensure'.


[[projects]]
  name = "github.com/SermoDigital/jose"
  packages = [".","crypto","jws","jwt"]
  revision = "f6df55f235c24f236d11dbcf665249a59ac2021f"
  version = "1.1"

[[projects]]
  branch = "master"
  name = "github.com/akaumov/cube"
  packages = ["."]
  revision = "0cdd8485664861009855d9e91470e3ef93a8e8fa"

[[projects]]
  name = "github.com/satori/go.uuid"
  packages = ["."]
  revision = "f58768cc1a7a7e77a3bd49e98cdd21419399b6a3"
  version = "v1.2.0"

[solve-meta]
  analyzer-name = "dep"
  analyzer-version = 1
  inputs-digest = "63777778a143d090f20aa6af14031685683ae6625d0eba80f1927018da297a91"
  solver-name = "gps-cdcl"
  solver-version = 1
